Microsoft Visual Studio Solution File, Format Version 12.00
# Visual Studio Version 17
VisualStudioVersion = 17.5.2.0
MinimumVisualStudioVersion = 10.0.40219.1
Project("{FAE04EC0-301F-11D3-BF4B-00C04F79EFBC}") = "GoshenJimenez.CSMWeb", "GoshenJimenez.CSMWeb.csproj", "{9039DCEC-13F4-9A3A-93F7-96A4E2FE8D73}"
EndProject
Global
	GlobalSection(SolutionConfigurationPlatforms) = preSolution
		Debug|Any CPU = Debug|Any CPU
		Release|Any CPU = Release|Any CPU
	EndGlobalSection
	GlobalSection(ProjectConfigurationPlatforms) = postSolution
		{9039DCEC-13F4-9A3A-93F7-96A4E2FE8D73}.Debug|Any CPU.ActiveCfg = Debug|Any CPU
		{9039DCEC-13F4-9A3A-93F7-96A4E2FE8D73}.Debug|Any CPU.Build.0 = Debug|Any CPU
		{9039DCEC-13F4-9A3A-93F7-96A4E2FE8D73}.Release|Any CPU.ActiveCfg = Release|Any CPU
		{9039DCEC-13F4-9A3A-93F7-96A4E2FE8D73}.Release|Any CPU.Build.0 = Release|Any CPU
	EndGlobalSection
	GlobalSection(SolutionProperties) = preSolution
		HideSolutionNode = FALSE
	EndGlobalSection
	GlobalSection(ExtensibilityGlobals) = postSolution
		SolutionGuid = {048956E5-DE0A-41C8-9323-3CED9FB09B3B}
	EndGlobalSection
EndGlobal
